
Microsoft Visual Studio Solution File, Format Version 12.00
# Visual Studio Version 16
VisualStudioVersion = 16.0.29123.88
MinimumVisualStudioVersion = 10.0.40219.1
Project("{FAE04EC0-301F-11D3-BF4B-00C04F79EFBC}") = "Martin.Entidades", "Martin.Entidades\Martin.Entidades.csproj", "{3D9F39EA-3E18-49FD-905B-E8F8F4D3FBAD}"
EndProject
Project("{FAE04EC0-301F-11D3-BF4B-00C04F79EFBC}") = "Martin.Datos", "Martin.Datos\Martin.Datos.csproj", "{A4BF3B21-3E90-4B35-808A-BF28FE63068A}"
EndProject
Project("{FAE04EC0-301F-11D3-BF4B-00C04F79EFBC}") = "Martin.Negocio", "Martin.Negocio\Martin.Negocio.csproj", "{FAB499C8-5262-4D3B-8E0A-45CAA3EE1B5F}"
EndProject
Project("{FAE04EC0-301F-11D3-BF4B-00C04F79EFBC}") = "Martin.Escritorio", "Martin.Escritorio\Martin.Escritorio.csproj", "{9F770637-1A2D-4A07-9A12-79E21474EC2D}"
EndProject
Project("{FAE04EC0-301F-11D3-BF4B-00C04F79EFBC}") = "Martin.Web", "Martin.Web\Martin.Web.csproj", "{74E6A077-F6C5-4C2E-A77D-91B056F99B41}"
EndProject
Global
	GlobalSection(SolutionConfigurationPlatforms) = preSolution
		Debug|Any CPU = Debug|Any CPU
		Release|Any CPU = Release|Any CPU
	EndGlobalSection
	GlobalSection(ProjectConfigurationPlatforms) = postSolution
		{3D9F39EA-3E18-49FD-905B-E8F8F4D3FBAD}.Debug|Any CPU.ActiveCfg = Debug|Any CPU
		{3D9F39EA-3E18-49FD-905B-E8F8F4D3FBAD}.Debug|Any CPU.Build.0 = Debug|Any CPU
		{3D9F39EA-3E18-49FD-905B-E8F8F4D3FBAD}.Release|Any CPU.ActiveCfg = Release|Any CPU
		{3D9F39EA-3E18-49FD-905B-E8F8F4D3FBAD}.Release|Any CPU.Build.0 = Release|Any CPU
		{A4BF3B21-3E90-4B35-808A-BF28FE63068A}.Debug|Any CPU.ActiveCfg = Debug|Any CPU
		{A4BF3B21-3E90-4B35-808A-BF28FE63068A}.Debug|Any CPU.Build.0 = Debug|Any CPU
		{A4BF3B21-3E90-4B35-808A-BF28FE63068A}.Release|Any CPU.ActiveCfg = Release|Any CPU
		{A4BF3B21-3E90-4B35-808A-BF28FE63068A}.Release|Any CPU.Build.0 = Release|Any CPU
		{FAB499C8-5262-4D3B-8E0A-45CAA3EE1B5F}.Debug|Any CPU.ActiveCfg = Debug|Any CPU
		{FAB499C8-5262-4D3B-8E0A-45CAA3EE1B5F}.Debug|Any CPU.Build.0 = Debug|Any CPU
		{FAB499C8-5262-4D3B-8E0A-45CAA3EE1B5F}.Release|Any CPU.ActiveCfg = Release|Any CPU
		{FAB499C8-5262-4D3B-8E0A-45CAA3EE1B5F}.Release|Any CPU.Build.0 = Release|Any CPU
		{9F770637-1A2D-4A07-9A12-79E21474EC2D}.Debug|Any CPU.ActiveCfg = Debug|Any CPU
		{9F770637-1A2D-4A07-9A12-79E21474EC2D}.Debug|Any CPU.Build.0 = Debug|Any CPU
		{9F770637-1A2D-4A07-9A12-79E21474EC2D}.Release|Any CPU.ActiveCfg = Release|Any CPU
		{9F770637-1A2D-4A07-9A12-79E21474EC2D}.Release|Any CPU.Build.0 = Release|Any CPU
		{74E6A077-F6C5-4C2E-A77D-91B056F99B41}.Debug|Any CPU.ActiveCfg = Debug|Any CPU
		{74E6A077-F6C5-4C2E-A77D-91B056F99B41}.Debug|Any CPU.Build.0 = Debug|Any CPU
		{74E6A077-F6C5-4C2E-A77D-91B056F99B41}.Release|Any CPU.ActiveCfg = Release|Any CPU
		{74E6A077-F6C5-4C2E-A77D-91B056F99B41}.Release|Any CPU.Build.0 = Release|Any CPU
	EndGlobalSection
	GlobalSection(SolutionProperties) = preSolution
		HideSolutionNode = FALSE
	EndGlobalSection
	GlobalSection(ExtensibilityGlobals) = postSolution
		SolutionGuid = {DACFA107-CC3E-453B-B313-2C248FCAD4B8}
	EndGlobalSection
EndGlobal
